<?xml version="1.0" encoding="utf-8"?>
<Project ToolsVersion="16.0" xmlns="http://schemas.microsoft.com/developer/msbuild/2003">
  <ItemGroup>
    <ClCompile Include="EffekseerRenderer\EffekseerRendererDX12.Renderer.cpp">
      <Filter>EffekseerRenderer</Filter>
    </ClCompile>
    <ClCompile Include="..\EffekseerRendererCommon\EffekseerRenderer.DDSTextureLoader.cpp">
      <Filter>EffekseerRendererCommon</Filter>
    </ClCompile>
    <ClCompile Include="..\EffekseerRendererCommon\EffekseerRenderer.IndexBufferBase.cpp">
      <Filter>EffekseerRendererCommon</Filter>
    </ClCompile>
    <ClCompile Include="..\EffekseerRendererCommon\EffekseerRenderer.ModelRendererBase.cpp">
      <Filter>EffekseerRendererCommon</Filter>
    </ClCompile>
    <ClCompile Include="..\EffekseerRendererCommon\EffekseerRenderer.PngTextureLoader.cpp">
      <Filter>EffekseerRendererCommon</Filter>
    </ClCompile>
    <ClCompile Include="..\EffekseerRendererCommon\EffekseerRenderer.Renderer.cpp">
      <Filter>EffekseerRendererCommon</Filter>
    </ClCompile>
    <ClCompile Include="..\EffekseerRendererCommon\EffekseerRenderer.Renderer_Impl.cpp">
      <Filter>EffekseerRendererCommon</Filter>
    </ClCompile>
    <ClCompile Include="..\EffekseerRendererCommon\EffekseerRenderer.RenderStateBase.cpp">
      <Filter>EffekseerRendererCommon</Filter>
    </ClCompile>
    <ClCompile Include="..\EffekseerRendererCommon\EffekseerRenderer.RibbonRendererBase.cpp">
      <Filter>EffekseerRendererCommon</Filter>
    </ClCompile>
    <ClCompile Include="..\EffekseerRendererCommon\EffekseerRenderer.RingRendererBase.cpp">
      <Filter>EffekseerRendererCommon</Filter>
    </ClCompile>
    <ClCompile Include="..\EffekseerRendererCommon\EffekseerRenderer.SpriteRendererBase.cpp">
      <Filter>EffekseerRendererCommon</Filter>
    </ClCompile>
    <ClCompile Include="..\EffekseerRendererCommon\EffekseerRenderer.TGATextureLoader.cpp">
      <Filter>EffekseerRendererCommon</Filter>
    </ClCompile>
    <ClCompile Include="..\EffekseerRendererCommon\EffekseerRenderer.TrackRendererBase.cpp">
      <Filter>EffekseerRendererCommon</Filter>
    </ClCompile>
    <ClCompile Include="..\EffekseerRendererCommon\EffekseerRenderer.VertexBufferBase.cpp">
      <Filter>EffekseerRendererCommon</Filter>
    </ClCompile>
    <ClCompile Include="..\EffekseerRendererCommon\ModelLoader.cpp">
      <Filter>EffekseerRendererCommon</Filter>
    </ClCompile>
    <ClCompile Include="..\EffekseerRendererCommon\TextureLoader.cpp">
      <Filter>EffekseerRendererCommon</Filter>
    </ClCompile>
    <ClCompile Include="..\EffekseerRendererCommon\EffekseerRenderer.CommonUtils.cpp">
      <Filter>EffekseerRendererCommon</Filter>
    </ClCompile>
    <ClCompile Include="..\EffekseerRendererLLGI\EffekseerRendererLLGI.IndexBuffer.cpp">
      <Filter>EffekseerRendererLLGI</Filter>
    </ClCompile>
    <ClCompile Include="..\EffekseerRendererLLGI\EffekseerRendererLLGI.MaterialLoader.cpp">
      <Filter>EffekseerRendererLLGI</Filter>
    </ClCompile>
    <ClCompile Include="..\EffekseerRendererLLGI\EffekseerRendererLLGI.ModelRenderer.cpp">
      <Filter>EffekseerRendererLLGI</Filter>
    </ClCompile>
    <ClCompile Include="..\EffekseerRendererLLGI\EffekseerRendererLLGI.Renderer.cpp">
      <Filter>EffekseerRendererLLGI</Filter>
    </ClCompile>
    <ClCompile Include="..\EffekseerRendererLLGI\EffekseerRendererLLGI.RenderState.cpp">
      <Filter>EffekseerRendererLLGI</Filter>
    </ClCompile>
    <ClCompile Include="..\EffekseerRendererLLGI\EffekseerRendererLLGI.Shader.cpp">
      <Filter>EffekseerRendererLLGI</Filter>
    </ClCompile>
    <ClCompile Include="..\EffekseerRendererLLGI\EffekseerRendererLLGI.VertexBuffer.cpp">
      <Filter>EffekseerRendererLLGI</Filter>
    </ClCompile>
    <ClCompile Include="..\EffekseerRendererLLGI\GraphicsDevice.cpp">
      <Filter>EffekseerRendererLLGI</Filter>
    </ClCompile>
    <ClCompile Include="..\EffekseerRendererLLGI\EffekseerRendererLLGI.DeviceObject.cpp">
      <Filter>EffekseerRendererLLGI</Filter>
    </ClCompile>
    <ClCompile Include="..\EffekseerMaterialCompiler\DirectX12\EffekseerMaterialCompilerDX12.cpp">
      <Filter>..\EffekseerMaterialCompiler\DirectX12</Filter>
    </ClCompile>
  </ItemGroup>
  <ItemGroup>
    <ClInclude Include="EffekseerRenderer\EffekseerRendererDX12.Base.Pre.h">
      <Filter>EffekseerRenderer</Filter>
    </ClInclude>
    <ClInclude Include="EffekseerRenderer\EffekseerRendererDX12.Renderer.h">
      <Filter>EffekseerRenderer</Filter>
    </ClInclude>
    <ClInclude Include="EffekseerRenderer\EffekseerRendererDX12.RendererImplemented.h">
      <Filter>EffekseerRenderer</Filter>
    </ClInclude>
    <ClInclude Include="EffekseerRenderer\EffekseerRendererDX12.Base.h">
      <Filter>EffekseerRenderer</Filter>
    </ClInclude>
    <ClInclude Include="EffekseerRenderer\ShaderHeader\ad_sprite_unlit_vs.h">
      <Filter>EffekseerRenderer\ShaderHeader</Filter>
    </ClInclude>
    <ClInclude Include="EffekseerRenderer\ShaderHeader\model_distortion_ps.h">
      <Filter>EffekseerRenderer\ShaderHeader</Filter>
    </ClInclude>
    <ClInclude Include="EffekseerRenderer\ShaderHeader\model_distortion_vs.h">
      <Filter>EffekseerRenderer\ShaderHeader</Filter>
    </ClInclude>
    <ClInclude Include="EffekseerRenderer\ShaderHeader\model_lit_ps.h">
      <Filter>EffekseerRenderer\ShaderHeader</Filter>
    </ClInclude>
    <ClInclude Include="EffekseerRenderer\ShaderHeader\model_lit_vs.h">
      <Filter>EffekseerRenderer\ShaderHeader</Filter>
    </ClInclude>
    <ClInclude Include="EffekseerRenderer\ShaderHeader\model_unlit_ps.h">
      <Filter>EffekseerRenderer\ShaderHeader</Filter>
    </ClInclude>
    <ClInclude Include="EffekseerRenderer\ShaderHeader\model_unlit_vs.h">
      <Filter>EffekseerRenderer\ShaderHeader</Filter>
    </ClInclude>
    <ClInclude Include="EffekseerRenderer\ShaderHeader\sprite_distortion_vs.h">
      <Filter>EffekseerRenderer\ShaderHeader</Filter>
    </ClInclude>
    <ClInclude Include="EffekseerRenderer\ShaderHeader\sprite_lit_vs.h">
      <Filter>EffekseerRenderer\ShaderHeader</Filter>
    </ClInclude>
    <ClInclude Include="EffekseerRenderer\ShaderHeader\sprite_unlit_vs.h">
      <Filter>EffekseerRenderer\ShaderHeader</Filter>
    </ClInclude>
    <ClInclude Include="EffekseerRenderer\ShaderHeader\ad_model_distortion_ps.h">
      <Filter>EffekseerRenderer\ShaderHeader</Filter>
    </ClInclude>
    <ClInclude Include="EffekseerRenderer\ShaderHeader\ad_model_distortion_vs.h">
      <Filter>EffekseerRenderer\ShaderHeader</Filter>
    </ClInclude>
    <ClInclude Include="EffekseerRenderer\ShaderHeader\ad_model_lit_ps.h">
      <Filter>EffekseerRenderer\ShaderHeader</Filter>
    </ClInclude>
    <ClInclude Include="EffekseerRenderer\ShaderHeader\ad_model_lit_vs.h">
      <Filter>EffekseerRenderer\ShaderHeader</Filter>
    </ClInclude>
    <ClInclude Include="EffekseerRenderer\ShaderHeader\ad_model_unlit_ps.h">
      <Filter>EffekseerRenderer\ShaderHeader</Filter>
    </ClInclude>
    <ClInclude Include="EffekseerRenderer\ShaderHeader\ad_model_unlit_vs.h">
      <Filter>EffekseerRenderer\ShaderHeader</Filter>
    </ClInclude>
    <ClInclude Include="EffekseerRenderer\ShaderHeader\ad_sprite_distortion_vs.h">
      <Filter>EffekseerRenderer\ShaderHeader</Filter>
    </ClInclude>
    <ClInclude Include="EffekseerRenderer\ShaderHeader\ad_sprite_lit_vs.h">
      <Filter>EffekseerRenderer\ShaderHeader</Filter>
    </ClInclude>
    <ClInclude Include="..\EffekseerRendererCommon\EffekseerRenderer.DDSTextureLoader.h">
      <Filter>EffekseerRendererCommon</Filter>
    </ClInclude>
    <ClInclude Include="..\EffekseerRendererCommon\EffekseerRenderer.IndexBufferBase.h">
      <Filter>EffekseerRendererCommon</Filter>
    </ClInclude>
    <ClInclude Include="..\EffekseerRendererCommon\EffekseerRenderer.ModelRendererBase.h">
      <Filter>EffekseerRendererCommon</Filter>
    </ClInclude>
    <ClInclude Include="..\EffekseerRendererCommon\EffekseerRenderer.PngTextureLoader.h">
      <Filter>EffekseerRendererCommon</Filter>
    </ClInclude>
    <ClInclude Include="..\EffekseerRendererCommon\EffekseerRenderer.Renderer.h">
      <Filter>EffekseerRendererCommon</Filter>
    </ClInclude>
    <ClInclude Include="..\EffekseerRendererCommon\EffekseerRenderer.Renderer_Impl.h">
      <Filter>EffekseerRendererCommon</Filter>
    </ClInclude>
    <ClInclude Include="..\EffekseerRendererCommon\EffekseerRenderer.RenderStateBase.h">
      <Filter>EffekseerRendererCommon</Filter>
    </ClInclude>
    <ClInclude Include="..\EffekseerRendererCommon\EffekseerRenderer.RibbonRendererBase.h">
      <Filter>EffekseerRendererCommon</Filter>
    </ClInclude>
    <ClInclude Include="..\EffekseerRendererCommon\EffekseerRenderer.RingRendererBase.h">
      <Filter>EffekseerRendererCommon</Filter>
    </ClInclude>
    <ClInclude Include="..\EffekseerRendererCommon\EffekseerRenderer.ShaderBase.h">
      <Filter>EffekseerRendererCommon</Filter>
    </ClInclude>
    <ClInclude Include="..\EffekseerRendererCommon\EffekseerRenderer.SpriteRendererBase.h">
      <Filter>EffekseerRendererCommon</Filter>
    </ClInclude>
    <ClInclude Include="..\EffekseerRendererCommon\EffekseerRenderer.StandardRenderer.h">
      <Filter>EffekseerRendererCommon</Filter>
    </ClInclude>
    <ClInclude Include="..\EffekseerRendererCommon\EffekseerRenderer.TGATextureLoader.h">
      <Filter>EffekseerRendererCommon</Filter>
    </ClInclude>
    <ClInclude Include="..\EffekseerRendererCommon\EffekseerRenderer.TrackRendererBase.h">
      <Filter>EffekseerRendererCommon</Filter>
    </ClInclude>
    <ClInclude Include="..\EffekseerRendererCommon\EffekseerRenderer.VertexBufferBase.h">
      <Filter>EffekseerRendererCommon</Filter>
    </ClInclude>
    <ClInclude Include="..\EffekseerRendererCommon\ModelLoader.h">
      <Filter>EffekseerRendererCommon</Filter>
    </ClInclude>
    <ClInclude Include="..\EffekseerRendererCommon\TextureLoader.h">
      <Filter>EffekseerRendererCommon</Filter>
    </ClInclude>
    <ClInclude Include="..\EffekseerRendererCommon\EffekseerRenderer.CommonUtils.h">
      <Filter>EffekseerRendererCommon</Filter>
    </ClInclude>
    <ClInclude Include="..\EffekseerRendererLLGI\EffekseerRendererLLGI.DeviceObject.h">
      <Filter>EffekseerRendererLLGI</Filter>
    </ClInclude>
    <ClInclude Include="..\EffekseerRendererLLGI\EffekseerRendererLLGI.IndexBuffer.h">
      <Filter>EffekseerRendererLLGI</Filter>
    </ClInclude>
    <ClInclude Include="..\EffekseerRendererLLGI\EffekseerRendererLLGI.MaterialLoader.h">
      <Filter>EffekseerRendererLLGI</Filter>
    </ClInclude>
    <ClInclude Include="..\EffekseerRendererLLGI\EffekseerRendererLLGI.ModelRenderer.h">
      <Filter>EffekseerRendererLLGI</Filter>
    </ClInclude>
    <ClInclude Include="..\EffekseerRendererLLGI\EffekseerRendererLLGI.Renderer.h">
      <Filter>EffekseerRendererLLGI</Filter>
    </ClInclude>
    <ClInclude Include="..\EffekseerRendererLLGI\EffekseerRendererLLGI.RendererImplemented.h">
      <Filter>EffekseerRendererLLGI</Filter>
    </ClInclude>
    <ClInclude Include="..\EffekseerRendererLLGI\EffekseerRendererLLGI.RenderState.h">
      <Filter>EffekseerRendererLLGI</Filter>
    </ClInclude>
    <ClInclude Include="..\EffekseerRendererLLGI\EffekseerRendererLLGI.Shader.h">
      <Filter>EffekseerRendererLLGI</Filter>
    </ClInclude>
    <ClInclude Include="..\EffekseerRendererLLGI\EffekseerRendererLLGI.VertexBuffer.h">
      <Filter>EffekseerRendererLLGI</Filter>
    </ClInclude>
    <ClInclude Include="..\EffekseerRendererLLGI\GraphicsDevice.h">
      <Filter>EffekseerRendererLLGI</Filter>
    </ClInclude>
    <ClInclude Include="..\EffekseerRendererLLGI\EffekseerRendererLLGI.Base.h">
      <Filter>EffekseerRendererLLGI</Filter>
    </ClInclude>
    <ClInclude Include="..\EffekseerRendererLLGI\EffekseerRendererLLGI.Base.Pre.h">
      <Filter>EffekseerRendererLLGI</Filter>
    </ClInclude>
    <ClInclude Include="EffekseerRendererDX12.h" />
    <ClInclude Include="..\EffekseerMaterialCompiler\DirectX12\EffekseerMaterialCompilerDX12.h">
      <Filter>..\EffekseerMaterialCompiler\DirectX12</Filter>
    </ClInclude>
  </ItemGroup>
  <ItemGroup>
    <Filter Include="..">
      <UniqueIdentifier>{6CFBEBAD-7C9D-3FFC-A58D-5B6AFFA9FB84}</UniqueIdentifier>
    </Filter>
    <Filter Include="..\EffekseerMaterialCompiler">
      <UniqueIdentifier>{B379E000-D5BD-3282-875C-A0E105CD8475}</UniqueIdentifier>
    </Filter>
    <Filter Include="..\EffekseerMaterialCompiler\DirectX12">
      <UniqueIdentifier>{2B4EE668-495E-3C19-90AC-95448C68945E}</UniqueIdentifier>
    </Filter>
    <Filter Include="EffekseerRenderer">
      <UniqueIdentifier>{DFC0D00B-6755-35B2-AD89-99925960641A}</UniqueIdentifier>
    </Filter>
    <Filter Include="EffekseerRendererCommon">
      <UniqueIdentifier>{C76D93FD-B39C-3DD7-B646-24C545811FFE}</UniqueIdentifier>
    </Filter>
    <Filter Include="EffekseerRendererLLGI">
      <UniqueIdentifier>{E0F4F911-CE97-3E2E-8662-2A7AC487149A}</UniqueIdentifier>
    </Filter>
    <Filter Include="EffekseerRenderer\ShaderHeader">
      <UniqueIdentifier>{5B9E0221-3C24-305E-88F1-984B7C8ED736}</UniqueIdentifier>
    </Filter>
  </ItemGroup>
  <ItemGroup>
    <Text Include="CMakeLists.txt" />
  </ItemGroup>
</Project>