<?xml version="1.0" encoding="utf-8"?>
<Project ToolsVersion="4.0" xmlns="http://schemas.microsoft.com/developer/msbuild/2003">
  <ItemGroup>
    <Filter Include="ソース ファイル">
      <UniqueIdentifier>{4FC737F1-C7A5-4376-A066-2A32D752A2FF}</UniqueIdentifier>
      <Extensions>cpp;c;cc;cxx;c++;def;odl;idl;hpj;bat;asm;asmx</Extensions>
    </Filter>
    <Filter Include="ヘッダー ファイル">
      <UniqueIdentifier>{93995380-89BD-4b04-88EB-625FBE52EBFB}</UniqueIdentifier>
      <Extensions>h;hh;hpp;hxx;h++;hm;inl;inc;ipp;xsd</Extensions>
    </Filter>
    <Filter Include="リソース ファイル">
      <UniqueIdentifier>{67DA6AB6-F800-4c08-8B7A-83BB121AAD01}</UniqueIdentifier>
      <Extensions>rc;ico;cur;bmp;dlg;rc2;rct;bin;rgs;gif;jpg;jpeg;jpe;resx;tiff;tif;png;wav;mfcribbon-ms</Extensions>
    </Filter>
    <Filter Include="graphics">
      <UniqueIdentifier>{764b5512-52ac-4a53-ae46-77f75657b126}</UniqueIdentifier>
    </Filter>
    <Filter Include="graphics\GPUBuffer">
      <UniqueIdentifier>{8e15a495-da4d-4fd4-b9a2-6cc7ae434034}</UniqueIdentifier>
    </Filter>
    <Filter Include="graphics\2D">
      <UniqueIdentifier>{5ac53df7-8da8-444c-8bba-963903ba4da3}</UniqueIdentifier>
    </Filter>
    <Filter Include="HID">
      <UniqueIdentifier>{aac9c03f-fc49-435a-bd72-c9c95e2f702c}</UniqueIdentifier>
    </Filter>
    <Filter Include="math">
      <UniqueIdentifier>{aa0d6302-6fee-4671-8a35-756100535270}</UniqueIdentifier>
    </Filter>
    <Filter Include="tkFile">
      <UniqueIdentifier>{2c9e110a-3d62-4c5f-b66c-cdb34d6f82c9}</UniqueIdentifier>
    </Filter>
    <Filter Include="camera">
      <UniqueIdentifier>{c017f83b-12d2-4348-8f0a-cbf5e3b6fa17}</UniqueIdentifier>
    </Filter>
    <Filter Include="system">
      <UniqueIdentifier>{6945b4fa-4dfc-4373-9c44-f57942115169}</UniqueIdentifier>
    </Filter>
    <Filter Include="Assets">
      <UniqueIdentifier>{d2e6077d-ee5f-4c73-9e9c-237218a5b190}</UniqueIdentifier>
    </Filter>
    <Filter Include="Assets\sprite">
      <UniqueIdentifier>{2c566b10-bb91-4ca9-baab-bc0f00afd12c}</UniqueIdentifier>
    </Filter>
    <Filter Include="Assets\sprite\Race">
      <UniqueIdentifier>{5dbea08e-3113-40ee-a2f5-1b9c45b9ab96}</UniqueIdentifier>
    </Filter>
    <Filter Include="Assets\sprite\Title">
      <UniqueIdentifier>{20c2f297-6f33-4b16-b2fd-8c01f1ab0c2a}</UniqueIdentifier>
    </Filter>
    <Filter Include="graphics\animation">
      <UniqueIdentifier>{25796560-9640-41b0-9968-f77a496f82cf}</UniqueIdentifier>
    </Filter>
    <Filter Include="graphics\defferd">
      <UniqueIdentifier>{4a29ff4b-78b3-40da-b9c4-72ef890e0fac}</UniqueIdentifier>
    </Filter>
    <Filter Include="graphics\Font">
      <UniqueIdentifier>{a0bc0034-4505-4062-a4f2-cdb994fd1e0b}</UniqueIdentifier>
    </Filter>
    <Filter Include="graphics\Model">
      <UniqueIdentifier>{d40fcacc-22d8-474a-9935-5a750c7d89d8}</UniqueIdentifier>
    </Filter>
    <Filter Include="graphics\light">
      <UniqueIdentifier>{6d0909fc-6439-4ed4-86a6-a999622e588e}</UniqueIdentifier>
    </Filter>
    <Filter Include="prefab">
      <UniqueIdentifier>{249127c1-fdb7-43dd-9dd0-5340a5889c18}</UniqueIdentifier>
    </Filter>
    <Filter Include="prefab\light">
      <UniqueIdentifier>{7b6dd784-e4dc-495b-acc6-2f6485b099fa}</UniqueIdentifier>
    </Filter>
    <Filter Include="prefab\nature">
      <UniqueIdentifier>{f8db8068-120a-4f18-b8fa-07a8ed0dfb21}</UniqueIdentifier>
    </Filter>
    <Filter Include="level">
      <UniqueIdentifier>{d5bc8122-c4ef-4e8a-a3d8-8ee52504f7be}</UniqueIdentifier>
    </Filter>
    <Filter Include="physics">
      <UniqueIdentifier>{e2ba9fc7-bc7b-4df4-a72f-1000a6d81cb5}</UniqueIdentifier>
    </Filter>
    <Filter Include="policy">
      <UniqueIdentifier>{ea469e3d-edcb-4e84-9081-54c429fa143c}</UniqueIdentifier>
    </Filter>
    <Filter Include="Sound">
      <UniqueIdentifier>{88ad7b3c-b64d-4c0b-a45f-9c439ee58e11}</UniqueIdentifier>
    </Filter>
    <Filter Include="util">
      <UniqueIdentifier>{fb2d2683-da08-4a9e-80b7-7c9095ba136c}</UniqueIdentifier>
    </Filter>
    <Filter Include="gameObject">
      <UniqueIdentifier>{614d3c44-58fd-4d8d-86b1-61a6af97e7c8}</UniqueIdentifier>
    </Filter>
    <Filter Include="characterController">
      <UniqueIdentifier>{8d1858b8-081d-4e9e-a3e3-054f77be9d79}</UniqueIdentifier>
    </Filter>
    <Filter Include="graphics\PostEffect">
      <UniqueIdentifier>{c0ec9bd9-cbed-4334-9f74-39060dbe8c49}</UniqueIdentifier>
    </Filter>
    <Filter Include="graphics\PreRender">
      <UniqueIdentifier>{5c7b1e02-4f31-47c6-a8bb-4d0148c405d0}</UniqueIdentifier>
    </Filter>
  </ItemGroup>
  <ItemGroup>
    <ClCompile Include="tkEngine.cpp">
      <Filter>ソース ファイル</Filter>
    </ClCompile>
    <ClCompile Include="graphics\DescriptorHeap.cpp">
      <Filter>graphics</Filter>
    </ClCompile>
    <ClCompile Include="graphics\PipelineState.cpp">
      <Filter>graphics</Filter>
    </ClCompile>
    <ClCompile Include="graphics\RenderTarget.cpp">
      <Filter>graphics</Filter>
    </ClCompile>
    <ClCompile Include="graphics\RootSignature.cpp">
      <Filter>graphics</Filter>
    </ClCompile>
    <ClCompile Include="graphics\Shader.cpp">
      <Filter>graphics</Filter>
    </ClCompile>
    <ClCompile Include="graphics\Skeleton.cpp">
      <Filter>graphics</Filter>
    </ClCompile>
    <ClCompile Include="graphics\Texture.cpp">
      <Filter>graphics</Filter>
    </ClCompile>
    <ClCompile Include="graphics\GPUBuffer\ConstantBuffer.cpp">
      <Filter>graphics\GPUBuffer</Filter>
    </ClCompile>
    <ClCompile Include="graphics\GPUBuffer\IndexBuffer.cpp">
      <Filter>graphics\GPUBuffer</Filter>
    </ClCompile>
    <ClCompile Include="graphics\GPUBuffer\RWStructuredBuffer.cpp">
      <Filter>graphics\GPUBuffer</Filter>
    </ClCompile>
    <ClCompile Include="graphics\GPUBuffer\StructuredBuffer.cpp">
      <Filter>graphics\GPUBuffer</Filter>
    </ClCompile>
    <ClCompile Include="graphics\GPUBuffer\VertexBuffer.cpp">
      <Filter>graphics\GPUBuffer</Filter>
    </ClCompile>
    <ClCompile Include="graphics\2D\Sprite.cpp">
      <Filter>graphics\2D</Filter>
    </ClCompile>
    <ClCompile Include="HID\GamePad.cpp">
      <Filter>HID</Filter>
    </ClCompile>
    <ClCompile Include="math\Math.cpp">
      <Filter>math</Filter>
    </ClCompile>
    <ClCompile Include="math\Matrix.cpp">
      <Filter>math</Filter>
    </ClCompile>
    <ClCompile Include="math\Vector.cpp">
      <Filter>math</Filter>
    </ClCompile>
    <ClCompile Include="tkFile\TkaFile.cpp">
      <Filter>tkFile</Filter>
    </ClCompile>
    <ClCompile Include="tkFile\TkmFile.cpp">
      <Filter>tkFile</Filter>
    </ClCompile>
    <ClCompile Include="tkFile\TksFile.cpp">
      <Filter>tkFile</Filter>
    </ClCompile>
    <ClCompile Include="camera\Camera.cpp">
      <Filter>camera</Filter>
    </ClCompile>
    <ClCompile Include="system\system.cpp">
      <Filter>system</Filter>
    </ClCompile>
    <ClCompile Include="graphics\GraphicsEngine.cpp">
      <Filter>graphics</Filter>
    </ClCompile>
    <ClCompile Include="MiniEngine.cpp">
      <Filter>ソース ファイル</Filter>
    </ClCompile>
    <ClCompile Include="graphics\animation\Animation.cpp">
      <Filter>graphics\animation</Filter>
    </ClCompile>
    <ClCompile Include="graphics\animation\AnimationClip.cpp">
      <Filter>graphics\animation</Filter>
    </ClCompile>
    <ClCompile Include="graphics\animation\AnimationPlayController.cpp">
      <Filter>graphics\animation</Filter>
    </ClCompile>
    <ClCompile Include="graphics\defferd\DefferdShading.cpp">
      <Filter>graphics\defferd</Filter>
    </ClCompile>
    <ClCompile Include="graphics\Font\FontRender.cpp">
      <Filter>graphics\Font</Filter>
    </ClCompile>
    <ClCompile Include="graphics\Font\FontEngine.cpp">
      <Filter>graphics\Font</Filter>
    </ClCompile>
    <ClCompile Include="graphics\Font\Font.cpp">
      <Filter>graphics\Font</Filter>
    </ClCompile>
    <ClCompile Include="graphics\Model\Material.cpp">
      <Filter>graphics\Model</Filter>
    </ClCompile>
    <ClCompile Include="graphics\Model\MeshParts.cpp">
      <Filter>graphics\Model</Filter>
    </ClCompile>
    <ClCompile Include="graphics\Model\Model.cpp">
      <Filter>graphics\Model</Filter>
    </ClCompile>
    <ClCompile Include="graphics\Model\UserMaterial.cpp">
      <Filter>graphics\Model</Filter>
    </ClCompile>
    <ClCompile Include="graphics\light\LightManager.cpp">
      <Filter>graphics\light</Filter>
    </ClCompile>
    <ClCompile Include="prefab\SpriteRender.cpp">
      <Filter>prefab</Filter>
    </ClCompile>
    <ClCompile Include="prefab\ModelRender.cpp">
      <Filter>prefab</Filter>
    </ClCompile>
    <ClCompile Include="prefab\light\DirectionLight.cpp">
      <Filter>prefab\light</Filter>
    </ClCompile>
    <ClCompile Include="prefab\light\LightBase.cpp">
      <Filter>prefab\light</Filter>
    </ClCompile>
    <ClCompile Include="prefab\light\PointLight.cpp">
      <Filter>prefab\light</Filter>
    </ClCompile>
    <ClCompile Include="prefab\nature\Sky.cpp">
      <Filter>prefab\nature</Filter>
    </ClCompile>
    <ClCompile Include="level\TklFile.cpp">
      <Filter>level</Filter>
    </ClCompile>
    <ClCompile Include="level\MapChipRender.cpp">
      <Filter>level</Filter>
    </ClCompile>
    <ClCompile Include="level\MapChip.cpp">
      <Filter>level</Filter>
    </ClCompile>
    <ClCompile Include="level\Level.cpp">
      <Filter>level</Filter>
    </ClCompile>
    <ClCompile Include="physics\BoxCollider.cpp">
      <Filter>physics</Filter>
    </ClCompile>
    <ClCompile Include="physics\CapsuleCollider.cpp">
      <Filter>physics</Filter>
    </ClCompile>
    <ClCompile Include="physics\ICollider.cpp">
      <Filter>physics</Filter>
    </ClCompile>
    <ClCompile Include="physics\MeshCollider.cpp">
      <Filter>physics</Filter>
    </ClCompile>
    <ClCompile Include="physics\PhysicsDebugDraw.cpp">
      <Filter>physics</Filter>
    </ClCompile>
    <ClCompile Include="physics\PhysicsGhostobject.cpp">
      <Filter>physics</Filter>
    </ClCompile>
    <ClCompile Include="physics\PhysicsObjectBase.cpp">
      <Filter>physics</Filter>
    </ClCompile>
    <ClCompile Include="physics\PhysicsStaticObject.cpp">
      <Filter>physics</Filter>
    </ClCompile>
    <ClCompile Include="physics\PhysicsWorld.cpp">
      <Filter>physics</Filter>
    </ClCompile>
    <ClCompile Include="physics\RigidBody.cpp">
      <Filter>physics</Filter>
    </ClCompile>
    <ClCompile Include="physics\SphereCollider.cpp">
      <Filter>physics</Filter>
    </ClCompile>
    <ClCompile Include="Sound\WaveFileBank.cpp">
      <Filter>Sound</Filter>
    </ClCompile>
    <ClCompile Include="Sound\WaveFile.cpp">
      <Filter>Sound</Filter>
    </ClCompile>
    <ClCompile Include="Sound\SoundSource.cpp">
      <Filter>Sound</Filter>
    </ClCompile>
    <ClCompile Include="Sound\SoundEngine.cpp">
      <Filter>Sound</Filter>
    </ClCompile>
    <ClCompile Include="util\Stopwatch.cpp">
      <Filter>util</Filter>
    </ClCompile>
    <ClCompile Include="util\CGameTime.cpp">
      <Filter>util</Filter>
    </ClCompile>
    <ClCompile Include="gameObject\IGameObject.cpp">
      <Filter>gameObject</Filter>
    </ClCompile>
    <ClCompile Include="gameObject\GameObjectManager.cpp">
      <Filter>gameObject</Filter>
    </ClCompile>
    <ClCompile Include="characterController\CharacterController.cpp">
      <Filter>characterController</Filter>
    </ClCompile>
    <ClCompile Include="graphics\PostEffect\Tonemap.cpp">
      <Filter>graphics\PostEffect</Filter>
    </ClCompile>
    <ClCompile Include="graphics\PostEffect\Fxaa.cpp">
      <Filter>graphics\PostEffect</Filter>
    </ClCompile>
    <ClCompile Include="graphics\PostEffect\Bloom.cpp">
      <Filter>graphics\PostEffect</Filter>
    </ClCompile>
    <ClCompile Include="graphics\PostEffect\PostEffect.cpp">
      <Filter>graphics\PostEffect</Filter>
    </ClCompile>
    <ClCompile Include="graphics\PreRender\GBufferRender.cpp">
      <Filter>graphics\PreRender</Filter>
    </ClCompile>
    <ClCompile Include="graphics\PreRender\ShadowMap.cpp">
      <Filter>graphics\PreRender</Filter>
    </ClCompile>
    <ClCompile Include="graphics\PipelineStatesDefault.cpp">
      <Filter>graphics</Filter>
    </ClCompile>
    <ClCompile Include="graphics\Primitive.cpp">
      <Filter>graphics</Filter>
    </ClCompile>
    <ClCompile Include="graphics\Fade.cpp">
      <Filter>graphics</Filter>
    </ClCompile>
  </ItemGroup>
  <ItemGroup>
    <ClInclude Include="tkEngine.h">
      <Filter>ヘッダー ファイル</Filter>
    </ClInclude>
    <ClInclude Include="d3dx12.h">
      <Filter>ヘッダー ファイル</Filter>
    </ClInclude>
    <ClInclude Include="graphics\DescriptorHeap.h">
      <Filter>graphics</Filter>
    </ClInclude>
    <ClInclude Include="graphics\DescriptorHeap_inline.h">
      <Filter>graphics</Filter>
    </ClInclude>
    <ClInclude Include="graphics\IShaderResource.h">
      <Filter>graphics</Filter>
    </ClInclude>
    <ClInclude Include="graphics\IUnorderAccessResource.h">
      <Filter>graphics</Filter>
    </ClInclude>
    <ClInclude Include="graphics\PipelineState.h">
      <Filter>graphics</Filter>
    </ClInclude>
    <ClInclude Include="graphics\RenderContext.h">
      <Filter>graphics</Filter>
    </ClInclude>
    <ClInclude Include="graphics\RenderContext_inline.h">
      <Filter>graphics</Filter>
    </ClInclude>
    <ClInclude Include="graphics\RenderTarget.h">
      <Filter>graphics</Filter>
    </ClInclude>
    <ClInclude Include="graphics\RootSignature.h">
      <Filter>graphics</Filter>
    </ClInclude>
    <ClInclude Include="graphics\Shader.h">
      <Filter>graphics</Filter>
    </ClInclude>
    <ClInclude Include="graphics\Skeleton.h">
      <Filter>graphics</Filter>
    </ClInclude>
    <ClInclude Include="graphics\Texture.h">
      <Filter>graphics</Filter>
    </ClInclude>
    <ClInclude Include="graphics\GPUBuffer\ConstantBuffer.h">
      <Filter>graphics\GPUBuffer</Filter>
    </ClInclude>
    <ClInclude Include="graphics\GPUBuffer\IndexBuffer.h">
      <Filter>graphics\GPUBuffer</Filter>
    </ClInclude>
    <ClInclude Include="graphics\GPUBuffer\RWStructuredBuffer.h">
      <Filter>graphics\GPUBuffer</Filter>
    </ClInclude>
    <ClInclude Include="graphics\GPUBuffer\StructuredBuffer.h">
      <Filter>graphics\GPUBuffer</Filter>
    </ClInclude>
    <ClInclude Include="graphics\GPUBuffer\VertexBuffer.h">
      <Filter>graphics\GPUBuffer</Filter>
    </ClInclude>
    <ClInclude Include="graphics\2D\Sprite.h">
      <Filter>graphics\2D</Filter>
    </ClInclude>
    <ClInclude Include="HID\GamePad.h">
      <Filter>HID</Filter>
    </ClInclude>
    <ClInclude Include="math\Math.h">
      <Filter>math</Filter>
    </ClInclude>
    <ClInclude Include="math\Matrix.h">
      <Filter>math</Filter>
    </ClInclude>
    <ClInclude Include="math\Vector.h">
      <Filter>math</Filter>
    </ClInclude>
    <ClInclude Include="tkFile\TkaFile.h">
      <Filter>tkFile</Filter>
    </ClInclude>
    <ClInclude Include="tkFile\TkmFile.h">
      <Filter>tkFile</Filter>
    </ClInclude>
    <ClInclude Include="tkFile\TksFile.h">
      <Filter>tkFile</Filter>
    </ClInclude>
    <ClInclude Include="camera\Camera.h">
      <Filter>camera</Filter>
    </ClInclude>
    <ClInclude Include="system\system.h">
      <Filter>system</Filter>
    </ClInclude>
    <ClInclude Include="graphics\GraphicsEngine.h">
      <Filter>graphics</Filter>
    </ClInclude>
    <ClInclude Include="system\debugLog.h">
      <Filter>system</Filter>
    </ClInclude>
    <ClInclude Include="MiniEngine.h">
      <Filter>ヘッダー ファイル</Filter>
    </ClInclude>
    <ClInclude Include="EngineStruct.h">
      <Filter>ヘッダー ファイル</Filter>
    </ClInclude>
    <ClInclude Include="graphics\animation\AnimationClip.h">
      <Filter>graphics\animation</Filter>
    </ClInclude>
    <ClInclude Include="graphics\animation\Animation.h">
      <Filter>graphics\animation</Filter>
    </ClInclude>
    <ClInclude Include="graphics\animation\AnimationPlayController.h">
      <Filter>graphics\animation</Filter>
    </ClInclude>
    <ClInclude Include="graphics\defferd\DefferdShading.h">
      <Filter>graphics\defferd</Filter>
    </ClInclude>
    <ClInclude Include="graphics\Font\FontRender.h">
      <Filter>graphics\Font</Filter>
    </ClInclude>
    <ClInclude Include="graphics\Font\FontEngine.h">
      <Filter>graphics\Font</Filter>
    </ClInclude>
    <ClInclude Include="graphics\Font\Font.h">
      <Filter>graphics\Font</Filter>
    </ClInclude>
    <ClInclude Include="graphics\Model\Material.h">
      <Filter>graphics\Model</Filter>
    </ClInclude>
    <ClInclude Include="graphics\Model\MeshParts.h">
      <Filter>graphics\Model</Filter>
    </ClInclude>
    <ClInclude Include="graphics\Model\Model.h">
      <Filter>graphics\Model</Filter>
    </ClInclude>
    <ClInclude Include="graphics\Model\UserMaterial.h">
      <Filter>graphics\Model</Filter>
    </ClInclude>
    <ClInclude Include="graphics\light\LightManager.h">
      <Filter>graphics\light</Filter>
    </ClInclude>
    <ClInclude Include="graphics\light\LightData.h">
      <Filter>graphics\light</Filter>
    </ClInclude>
    <ClInclude Include="prefab\SpriteRender.h">
      <Filter>prefab</Filter>
    </ClInclude>
    <ClInclude Include="prefab\ModelRender.h">
      <Filter>prefab</Filter>
    </ClInclude>
    <ClInclude Include="prefab\light\DirectionLight.h">
      <Filter>prefab\light</Filter>
    </ClInclude>
    <ClInclude Include="prefab\light\LightBase.h">
      <Filter>prefab\light</Filter>
    </ClInclude>
    <ClInclude Include="prefab\light\PointLight.h">
      <Filter>prefab\light</Filter>
    </ClInclude>
    <ClInclude Include="prefab\nature\Sky.h">
      <Filter>prefab\nature</Filter>
    </ClInclude>
    <ClInclude Include="level\TklFile.h">
      <Filter>level</Filter>
    </ClInclude>
    <ClInclude Include="level\MapChip.h">
      <Filter>level</Filter>
    </ClInclude>
    <ClInclude Include="level\MapChipRender.h">
      <Filter>level</Filter>
    </ClInclude>
    <ClInclude Include="level\Level.h">
      <Filter>level</Filter>
    </ClInclude>
    <ClInclude Include="physics\BoxCollider.h">
      <Filter>physics</Filter>
    </ClInclude>
    <ClInclude Include="physics\CollisionAttr.h">
      <Filter>physics</Filter>
    </ClInclude>
    <ClInclude Include="physics\CapsuleCollider.h">
      <Filter>physics</Filter>
    </ClInclude>
    <ClInclude Include="physics\ICollider.h">
      <Filter>physics</Filter>
    </ClInclude>
    <ClInclude Include="physics\MeshCollider.h">
      <Filter>physics</Filter>
    </ClInclude>
    <ClInclude Include="physics\PhysicsDebugDraw.h">
      <Filter>physics</Filter>
    </ClInclude>
    <ClInclude Include="physics\PhysicsGhostobject.h">
      <Filter>physics</Filter>
    </ClInclude>
    <ClInclude Include="physics\PhysicsObjectBase.h">
      <Filter>physics</Filter>
    </ClInclude>
    <ClInclude Include="physics\PhysicsStaticObject.h">
      <Filter>physics</Filter>
    </ClInclude>
    <ClInclude Include="physics\PhysicsWorld.h">
      <Filter>physics</Filter>
    </ClInclude>
    <ClInclude Include="physics\RigidBody.h">
      <Filter>physics</Filter>
    </ClInclude>
    <ClInclude Include="physics\SphereCollider.h">
      <Filter>physics</Filter>
    </ClInclude>
    <ClInclude Include="policy\Noncopyable.h">
      <Filter>policy</Filter>
    </ClInclude>
    <ClInclude Include="Sound\WaveFileBank.h">
      <Filter>Sound</Filter>
    </ClInclude>
    <ClInclude Include="Sound\WaveFile.h">
      <Filter>Sound</Filter>
    </ClInclude>
    <ClInclude Include="Sound\SoundEngine.h">
      <Filter>Sound</Filter>
    </ClInclude>
    <ClInclude Include="Sound\SoundSource.h">
      <Filter>Sound</Filter>
    </ClInclude>
    <ClInclude Include="util\Stopwatch.h">
      <Filter>util</Filter>
    </ClInclude>
    <ClInclude Include="util\Util.h">
      <Filter>util</Filter>
    </ClInclude>
    <ClInclude Include="util\CGameTime.h">
      <Filter>util</Filter>
    </ClInclude>
    <ClInclude Include="util\NameKey.h">
      <Filter>util</Filter>
    </ClInclude>
    <ClInclude Include="gameObject\GameObjectManager.h">
      <Filter>gameObject</Filter>
    </ClInclude>
    <ClInclude Include="gameObject\IGameObject.h">
      <Filter>gameObject</Filter>
    </ClInclude>
    <ClInclude Include="characterController\CharacterController.h">
      <Filter>characterController</Filter>
    </ClInclude>
    <ClInclude Include="graphics\PostEffect\Tonemap.h">
      <Filter>graphics\PostEffect</Filter>
    </ClInclude>
    <ClInclude Include="graphics\PostEffect\PostEffect.h">
      <Filter>graphics\PostEffect</Filter>
    </ClInclude>
    <ClInclude Include="graphics\PostEffect\Fxaa.h">
      <Filter>graphics\PostEffect</Filter>
    </ClInclude>
    <ClInclude Include="graphics\PostEffect\Bloom.h">
      <Filter>graphics\PostEffect</Filter>
    </ClInclude>
    <ClInclude Include="graphics\PreRender\GBufferRender.h">
      <Filter>graphics\PreRender</Filter>
    </ClInclude>
    <ClInclude Include="graphics\PreRender\ShadowMap.h">
      <Filter>graphics\PreRender</Filter>
    </ClInclude>
    <ClInclude Include="graphics\GraphicsConfig.h">
      <Filter>graphics</Filter>
    </ClInclude>
    <ClInclude Include="graphics\PipelineStatesDefault.h">
      <Filter>graphics</Filter>
    </ClInclude>
    <ClInclude Include="graphics\Primitive.h">
      <Filter>graphics</Filter>
    </ClInclude>
    <ClInclude Include="graphics\Fade.h">
      <Filter>graphics</Filter>
    </ClInclude>
  </ItemGroup>
</Project>