<?xml version="1.0" encoding="utf-8"?>
<Project ToolsVersion="4.0" xmlns="http://schemas.microsoft.com/developer/msbuild/2003">
  <ItemGroup>
    <Filter Include="ソース ファイル">
      <UniqueIdentifier>{4FC737F1-C7A5-4376-A066-2A32D752A2FF}</UniqueIdentifier>
      <Extensions>cpp;c;cc;cxx;c++;def;odl;idl;hpj;bat;asm;asmx</Extensions>
    </Filter>
    <Filter Include="ヘッダー ファイル">
      <UniqueIdentifier>{93995380-89BD-4b04-88EB-625FBE52EBFB}</UniqueIdentifier>
      <Extensions>h;hh;hpp;hxx;h++;hm;inl;inc;ipp;xsd</Extensions>
    </Filter>
    <Filter Include="リソース ファイル">
      <UniqueIdentifier>{67DA6AB6-F800-4c08-8B7A-83BB121AAD01}</UniqueIdentifier>
      <Extensions>rc;ico;cur;bmp;dlg;rc2;rct;bin;rgs;gif;jpg;jpeg;jpe;resx;tiff;tif;png;wav;mfcribbon-ms</Extensions>
    </Filter>
    <Filter Include="graphics">
      <UniqueIdentifier>{764b5512-52ac-4a53-ae46-77f75657b126}</UniqueIdentifier>
    </Filter>
    <Filter Include="graphics\GPUBuffer">
      <UniqueIdentifier>{8e15a495-da4d-4fd4-b9a2-6cc7ae434034}</UniqueIdentifier>
    </Filter>
    <Filter Include="graphics\2D">
      <UniqueIdentifier>{5ac53df7-8da8-444c-8bba-963903ba4da3}</UniqueIdentifier>
    </Filter>
    <Filter Include="HID">
      <UniqueIdentifier>{aac9c03f-fc49-435a-bd72-c9c95e2f702c}</UniqueIdentifier>
    </Filter>
    <Filter Include="math">
      <UniqueIdentifier>{aa0d6302-6fee-4671-8a35-756100535270}</UniqueIdentifier>
    </Filter>
    <Filter Include="tkFile">
      <UniqueIdentifier>{2c9e110a-3d62-4c5f-b66c-cdb34d6f82c9}</UniqueIdentifier>
    </Filter>
    <Filter Include="camera">
      <UniqueIdentifier>{c017f83b-12d2-4348-8f0a-cbf5e3b6fa17}</UniqueIdentifier>
    </Filter>
    <Filter Include="system">
      <UniqueIdentifier>{6945b4fa-4dfc-4373-9c44-f57942115169}</UniqueIdentifier>
    </Filter>
    <Filter Include="Assets">
      <UniqueIdentifier>{d2e6077d-ee5f-4c73-9e9c-237218a5b190}</UniqueIdentifier>
    </Filter>
    <Filter Include="Assets\sprite">
      <UniqueIdentifier>{2c566b10-bb91-4ca9-baab-bc0f00afd12c}</UniqueIdentifier>
    </Filter>
    <Filter Include="MyProgram">
      <UniqueIdentifier>{83bc6eef-9504-4acd-8c23-0555b25d7676}</UniqueIdentifier>
    </Filter>
    <Filter Include="MyProgram\level">
      <UniqueIdentifier>{d862d0d3-883b-4e18-987f-160fa98ca636}</UniqueIdentifier>
    </Filter>
    <Filter Include="MyProgram\physics">
      <UniqueIdentifier>{d00e304a-89ea-4faa-a921-87549da2760e}</UniqueIdentifier>
    </Filter>
    <Filter Include="MyProgram\policy">
      <UniqueIdentifier>{bd14b65e-b1d6-4908-96c7-38d73c7ac577}</UniqueIdentifier>
    </Filter>
    <Filter Include="MyProgram\Race">
      <UniqueIdentifier>{5e7597b9-1d8d-4ae1-93de-c34800010783}</UniqueIdentifier>
    </Filter>
    <Filter Include="MyProgram\Race\RaceUI">
      <UniqueIdentifier>{37a83391-f034-4385-a067-079c5a73c36f}</UniqueIdentifier>
    </Filter>
    <Filter Include="MyProgram\Scenes">
      <UniqueIdentifier>{b02697e7-f137-45ff-b3e2-b3a09d338724}</UniqueIdentifier>
    </Filter>
    <Filter Include="MyProgram\Sound">
      <UniqueIdentifier>{1da7d323-b80c-48de-91e3-e4c29134be9e}</UniqueIdentifier>
    </Filter>
    <Filter Include="MyProgram\Spectator">
      <UniqueIdentifier>{a87fff65-f7a8-4225-b224-ddcf76966c1b}</UniqueIdentifier>
    </Filter>
    <Filter Include="MyProgram\Guardrail">
      <UniqueIdentifier>{6b020dc1-ee05-4625-a0fb-3ae623c6706c}</UniqueIdentifier>
    </Filter>
    <Filter Include="MyProgram\Ground">
      <UniqueIdentifier>{f3f33b09-f5b1-4a89-99a7-6e88fd100ba6}</UniqueIdentifier>
    </Filter>
    <Filter Include="MyProgram\CheckPoint">
      <UniqueIdentifier>{4d2100b7-d4e8-4424-a675-8dfeae4444f6}</UniqueIdentifier>
    </Filter>
    <Filter Include="MyProgram\gameObject">
      <UniqueIdentifier>{40d94d8c-12b9-4d9c-9275-0090efcbe19a}</UniqueIdentifier>
    </Filter>
    <Filter Include="MyProgram\GameCamera">
      <UniqueIdentifier>{8f7dcdee-6cb6-4a31-a5e6-b03bb11cf784}</UniqueIdentifier>
    </Filter>
    <Filter Include="MyProgram\GameLight">
      <UniqueIdentifier>{d3d62b83-0eb5-460b-92b3-595803ba4eca}</UniqueIdentifier>
    </Filter>
    <Filter Include="MyProgram\characterController">
      <UniqueIdentifier>{69d57548-594e-4c96-88cb-6030e2f9a5a7}</UniqueIdentifier>
    </Filter>
    <Filter Include="MyProgram\Car">
      <UniqueIdentifier>{a388ed18-2f72-437d-87e9-27c5f0c98aa4}</UniqueIdentifier>
    </Filter>
    <Filter Include="MyProgram\Car\State">
      <UniqueIdentifier>{df3bc0ae-0ac5-4329-a3a2-9301b6c22533}</UniqueIdentifier>
    </Filter>
    <Filter Include="MyProgram\Player">
      <UniqueIdentifier>{0dcfeea1-dca9-490e-a6bb-c859f49851fc}</UniqueIdentifier>
    </Filter>
    <Filter Include="MyProgram\graphics">
      <UniqueIdentifier>{aee606f6-7fe0-47e6-b1f6-bcf53ef72a33}</UniqueIdentifier>
    </Filter>
    <Filter Include="MyProgram\util">
      <UniqueIdentifier>{02169e3e-fc38-423e-9de0-0f4db8902453}</UniqueIdentifier>
    </Filter>
    <Filter Include="MyProgram\graphics\animation">
      <UniqueIdentifier>{6e2fba13-df3d-457f-ab17-019c8a3d04e7}</UniqueIdentifier>
    </Filter>
    <Filter Include="MyProgram\graphics\defferd">
      <UniqueIdentifier>{dbfd0d83-2bdf-457d-bede-bb8545c3b500}</UniqueIdentifier>
    </Filter>
    <Filter Include="MyProgram\graphics\light">
      <UniqueIdentifier>{23807ab7-7b7c-49b4-add7-9d6ec13da296}</UniqueIdentifier>
    </Filter>
    <Filter Include="MyProgram\graphics\PreRender">
      <UniqueIdentifier>{522912f5-7cbe-4b9d-ae7d-25971c5cf7be}</UniqueIdentifier>
    </Filter>
    <Filter Include="MyProgram\prefab">
      <UniqueIdentifier>{685e0cba-9ba1-4524-b24c-e57cdd6b2b8c}</UniqueIdentifier>
    </Filter>
    <Filter Include="MyProgram\prefab\light">
      <UniqueIdentifier>{0ff9d23b-fa30-4a08-b2db-b38cba3951f6}</UniqueIdentifier>
    </Filter>
    <Filter Include="MyProgram\graphics\PostEffect">
      <UniqueIdentifier>{dedbf358-27ad-473f-86ab-2bdd1a827eff}</UniqueIdentifier>
    </Filter>
    <Filter Include="MyProgram\prefab\nature">
      <UniqueIdentifier>{7536199a-e996-4a1b-acea-fd760d602e90}</UniqueIdentifier>
    </Filter>
    <Filter Include="MyProgram\Car\CarDriver">
      <UniqueIdentifier>{87f61c3e-5bf7-4309-ba3d-984b67d71e49}</UniqueIdentifier>
    </Filter>
    <Filter Include="MyProgram\Scenes\Title">
      <UniqueIdentifier>{46ef7421-847f-4e4a-83c2-55822b2c6289}</UniqueIdentifier>
    </Filter>
    <Filter Include="Assets\sprite\Race">
      <UniqueIdentifier>{5dbea08e-3113-40ee-a2f5-1b9c45b9ab96}</UniqueIdentifier>
    </Filter>
    <Filter Include="Assets\sprite\Title">
      <UniqueIdentifier>{20c2f297-6f33-4b16-b2fd-8c01f1ab0c2a}</UniqueIdentifier>
    </Filter>
    <Filter Include="MyProgram\Tree">
      <UniqueIdentifier>{9f64f3fb-b848-4360-ac9b-d00cdb932cb2}</UniqueIdentifier>
    </Filter>
  </ItemGroup>
  <ItemGroup>
    <ClCompile Include="tkEngine.cpp">
      <Filter>ソース ファイル</Filter>
    </ClCompile>
    <ClCompile Include="graphics\DescriptorHeap.cpp">
      <Filter>graphics</Filter>
    </ClCompile>
    <ClCompile Include="graphics\Material.cpp">
      <Filter>graphics</Filter>
    </ClCompile>
    <ClCompile Include="graphics\MeshParts.cpp">
      <Filter>graphics</Filter>
    </ClCompile>
    <ClCompile Include="graphics\Model.cpp">
      <Filter>graphics</Filter>
    </ClCompile>
    <ClCompile Include="graphics\PipelineState.cpp">
      <Filter>graphics</Filter>
    </ClCompile>
    <ClCompile Include="graphics\RenderTarget.cpp">
      <Filter>graphics</Filter>
    </ClCompile>
    <ClCompile Include="graphics\RootSignature.cpp">
      <Filter>graphics</Filter>
    </ClCompile>
    <ClCompile Include="graphics\Shader.cpp">
      <Filter>graphics</Filter>
    </ClCompile>
    <ClCompile Include="graphics\Skeleton.cpp">
      <Filter>graphics</Filter>
    </ClCompile>
    <ClCompile Include="graphics\Texture.cpp">
      <Filter>graphics</Filter>
    </ClCompile>
    <ClCompile Include="graphics\GPUBuffer\ConstantBuffer.cpp">
      <Filter>graphics\GPUBuffer</Filter>
    </ClCompile>
    <ClCompile Include="graphics\GPUBuffer\IndexBuffer.cpp">
      <Filter>graphics\GPUBuffer</Filter>
    </ClCompile>
    <ClCompile Include="graphics\GPUBuffer\RWStructuredBuffer.cpp">
      <Filter>graphics\GPUBuffer</Filter>
    </ClCompile>
    <ClCompile Include="graphics\GPUBuffer\StructuredBuffer.cpp">
      <Filter>graphics\GPUBuffer</Filter>
    </ClCompile>
    <ClCompile Include="graphics\GPUBuffer\VertexBuffer.cpp">
      <Filter>graphics\GPUBuffer</Filter>
    </ClCompile>
    <ClCompile Include="graphics\2D\Sprite.cpp">
      <Filter>graphics\2D</Filter>
    </ClCompile>
    <ClCompile Include="HID\GamePad.cpp">
      <Filter>HID</Filter>
    </ClCompile>
    <ClCompile Include="math\Math.cpp">
      <Filter>math</Filter>
    </ClCompile>
    <ClCompile Include="math\Matrix.cpp">
      <Filter>math</Filter>
    </ClCompile>
    <ClCompile Include="math\Vector.cpp">
      <Filter>math</Filter>
    </ClCompile>
    <ClCompile Include="tkFile\TkaFile.cpp">
      <Filter>tkFile</Filter>
    </ClCompile>
    <ClCompile Include="tkFile\TkmFile.cpp">
      <Filter>tkFile</Filter>
    </ClCompile>
    <ClCompile Include="tkFile\TksFile.cpp">
      <Filter>tkFile</Filter>
    </ClCompile>
    <ClCompile Include="camera\Camera.cpp">
      <Filter>camera</Filter>
    </ClCompile>
    <ClCompile Include="system\system.cpp">
      <Filter>system</Filter>
    </ClCompile>
    <ClCompile Include="graphics\GraphicsEngine.cpp">
      <Filter>graphics</Filter>
    </ClCompile>
    <ClCompile Include="util\CGameTime.cpp">
      <Filter>ソース ファイル</Filter>
    </ClCompile>
    <ClCompile Include="util\Stopwatch.cpp">
      <Filter>ソース ファイル</Filter>
    </ClCompile>
    <ClCompile Include="Sound\SoundEngine.cpp">
      <Filter>ソース ファイル</Filter>
    </ClCompile>
    <ClCompile Include="Sound\SoundSource.cpp">
      <Filter>ソース ファイル</Filter>
    </ClCompile>
    <ClCompile Include="Sound\WaveFile.cpp">
      <Filter>ソース ファイル</Filter>
    </ClCompile>
    <ClCompile Include="Sound\WaveFileBank.cpp">
      <Filter>ソース ファイル</Filter>
    </ClCompile>
    <ClCompile Include="prefab\light\DirectionLight.cpp">
      <Filter>ソース ファイル</Filter>
    </ClCompile>
    <ClCompile Include="prefab\light\LightBase.cpp">
      <Filter>ソース ファイル</Filter>
    </ClCompile>
    <ClCompile Include="prefab\light\PointLight.cpp">
      <Filter>ソース ファイル</Filter>
    </ClCompile>
    <ClCompile Include="prefab\nature\Sky.cpp">
      <Filter>ソース ファイル</Filter>
    </ClCompile>
    <ClCompile Include="prefab\ModelRender.cpp">
      <Filter>ソース ファイル</Filter>
    </ClCompile>
    <ClCompile Include="prefab\SpriteRender.cpp">
      <Filter>ソース ファイル</Filter>
    </ClCompile>
    <ClCompile Include="physics\BoxCollider.cpp">
      <Filter>ソース ファイル</Filter>
    </ClCompile>
    <ClCompile Include="physics\CapsuleCollider.cpp">
      <Filter>ソース ファイル</Filter>
    </ClCompile>
    <ClCompile Include="physics\ICollider.cpp">
      <Filter>ソース ファイル</Filter>
    </ClCompile>
    <ClCompile Include="physics\MeshCollider.cpp">
      <Filter>ソース ファイル</Filter>
    </ClCompile>
    <ClCompile Include="physics\PhysicsDebugDraw.cpp">
      <Filter>ソース ファイル</Filter>
    </ClCompile>
    <ClCompile Include="physics\PhysicsGhostobject.cpp">
      <Filter>ソース ファイル</Filter>
    </ClCompile>
    <ClCompile Include="physics\PhysicsObjectBase.cpp">
      <Filter>ソース ファイル</Filter>
    </ClCompile>
    <ClCompile Include="physics\PhysicsStaticObject.cpp">
      <Filter>ソース ファイル</Filter>
    </ClCompile>
    <ClCompile Include="physics\PhysicsWorld.cpp">
      <Filter>ソース ファイル</Filter>
    </ClCompile>
    <ClCompile Include="physics\RigidBody.cpp">
      <Filter>ソース ファイル</Filter>
    </ClCompile>
    <ClCompile Include="physics\SphereCollider.cpp">
      <Filter>ソース ファイル</Filter>
    </ClCompile>
    <ClCompile Include="level\Level.cpp">
      <Filter>ソース ファイル</Filter>
    </ClCompile>
    <ClCompile Include="level\MapChip.cpp">
      <Filter>ソース ファイル</Filter>
    </ClCompile>
    <ClCompile Include="level\MapChipRender.cpp">
      <Filter>ソース ファイル</Filter>
    </ClCompile>
    <ClCompile Include="level\TklFile.cpp">
      <Filter>ソース ファイル</Filter>
    </ClCompile>
    <ClCompile Include="graphics\animation\Animation.cpp">
      <Filter>ソース ファイル</Filter>
    </ClCompile>
    <ClCompile Include="graphics\animation\AnimationClip.cpp">
      <Filter>ソース ファイル</Filter>
    </ClCompile>
    <ClCompile Include="graphics\animation\AnimationPlayController.cpp">
      <Filter>ソース ファイル</Filter>
    </ClCompile>
    <ClCompile Include="graphics\deferrd\DefferdShading.cpp">
      <Filter>ソース ファイル</Filter>
    </ClCompile>
    <ClCompile Include="graphics\light\LightManager.cpp">
      <Filter>ソース ファイル</Filter>
    </ClCompile>
    <ClCompile Include="graphics\PostEffect\Bloom.cpp">
      <Filter>ソース ファイル</Filter>
    </ClCompile>
    <ClCompile Include="graphics\PostEffect\Fxaa.cpp">
      <Filter>ソース ファイル</Filter>
    </ClCompile>
    <ClCompile Include="graphics\PostEffect\PostEffect.cpp">
      <Filter>ソース ファイル</Filter>
    </ClCompile>
    <ClCompile Include="graphics\PostEffect\Tonemap.cpp">
      <Filter>ソース ファイル</Filter>
    </ClCompile>
    <ClCompile Include="graphics\PreRender\GBufferRender.cpp">
      <Filter>ソース ファイル</Filter>
    </ClCompile>
    <ClCompile Include="graphics\PreRender\ShadowMap.cpp">
      <Filter>ソース ファイル</Filter>
    </ClCompile>
    <ClCompile Include="graphics\Fade.cpp">
      <Filter>ソース ファイル</Filter>
    </ClCompile>
    <ClCompile Include="graphics\PipelineStatesDefault.cpp">
      <Filter>ソース ファイル</Filter>
    </ClCompile>
    <ClCompile Include="graphics\Primitive.cpp">
      <Filter>ソース ファイル</Filter>
    </ClCompile>
    <ClCompile Include="graphics\UserMaterial.cpp">
      <Filter>ソース ファイル</Filter>
    </ClCompile>
    <ClCompile Include="gameObject\GameObjectManager.cpp">
      <Filter>ソース ファイル</Filter>
    </ClCompile>
    <ClCompile Include="gameObject\IGameObject.cpp">
      <Filter>ソース ファイル</Filter>
    </ClCompile>
    <ClCompile Include="characterController\CharacterController.cpp">
      <Filter>ソース ファイル</Filter>
    </ClCompile>
    <ClCompile Include="MiniEngine.cpp">
      <Filter>ソース ファイル</Filter>
    </ClCompile>
    <ClCompile Include="graphics\Font\Font.cpp">
      <Filter>ソース ファイル</Filter>
    </ClCompile>
    <ClCompile Include="graphics\Font\FontEngine.cpp">
      <Filter>ソース ファイル</Filter>
    </ClCompile>
    <ClCompile Include="graphics\Font\FontRender.cpp">
      <Filter>ソース ファイル</Filter>
    </ClCompile>
    <ClCompile Include="NaviMesh\AStar.cpp">
      <Filter>ソース ファイル</Filter>
    </ClCompile>
    <ClCompile Include="NaviMesh\NaviMesh.cpp">
      <Filter>ソース ファイル</Filter>
    </ClCompile>
    <ClCompile Include="NaviMesh\NaviMeshAgent.cpp">
      <Filter>ソース ファイル</Filter>
    </ClCompile>
  </ItemGroup>
  <ItemGroup>
    <ClInclude Include="tkEngine.h">
      <Filter>ヘッダー ファイル</Filter>
    </ClInclude>
    <ClInclude Include="d3dx12.h">
      <Filter>ヘッダー ファイル</Filter>
    </ClInclude>
    <ClInclude Include="graphics\DescriptorHeap.h">
      <Filter>graphics</Filter>
    </ClInclude>
    <ClInclude Include="graphics\DescriptorHeap_inline.h">
      <Filter>graphics</Filter>
    </ClInclude>
    <ClInclude Include="graphics\IShaderResource.h">
      <Filter>graphics</Filter>
    </ClInclude>
    <ClInclude Include="graphics\IUnorderAccessResource.h">
      <Filter>graphics</Filter>
    </ClInclude>
    <ClInclude Include="graphics\Material.h">
      <Filter>graphics</Filter>
    </ClInclude>
    <ClInclude Include="graphics\MeshParts.h">
      <Filter>graphics</Filter>
    </ClInclude>
    <ClInclude Include="graphics\Model.h">
      <Filter>graphics</Filter>
    </ClInclude>
    <ClInclude Include="graphics\PipelineState.h">
      <Filter>graphics</Filter>
    </ClInclude>
    <ClInclude Include="graphics\RenderContext.h">
      <Filter>graphics</Filter>
    </ClInclude>
    <ClInclude Include="graphics\RenderContext_inline.h">
      <Filter>graphics</Filter>
    </ClInclude>
    <ClInclude Include="graphics\RenderTarget.h">
      <Filter>graphics</Filter>
    </ClInclude>
    <ClInclude Include="graphics\RootSignature.h">
      <Filter>graphics</Filter>
    </ClInclude>
    <ClInclude Include="graphics\Shader.h">
      <Filter>graphics</Filter>
    </ClInclude>
    <ClInclude Include="graphics\Skeleton.h">
      <Filter>graphics</Filter>
    </ClInclude>
    <ClInclude Include="graphics\Texture.h">
      <Filter>graphics</Filter>
    </ClInclude>
    <ClInclude Include="graphics\GPUBuffer\ConstantBuffer.h">
      <Filter>graphics\GPUBuffer</Filter>
    </ClInclude>
    <ClInclude Include="graphics\GPUBuffer\IndexBuffer.h">
      <Filter>graphics\GPUBuffer</Filter>
    </ClInclude>
    <ClInclude Include="graphics\GPUBuffer\RWStructuredBuffer.h">
      <Filter>graphics\GPUBuffer</Filter>
    </ClInclude>
    <ClInclude Include="graphics\GPUBuffer\StructuredBuffer.h">
      <Filter>graphics\GPUBuffer</Filter>
    </ClInclude>
    <ClInclude Include="graphics\GPUBuffer\VertexBuffer.h">
      <Filter>graphics\GPUBuffer</Filter>
    </ClInclude>
    <ClInclude Include="graphics\2D\Sprite.h">
      <Filter>graphics\2D</Filter>
    </ClInclude>
    <ClInclude Include="HID\GamePad.h">
      <Filter>HID</Filter>
    </ClInclude>
    <ClInclude Include="math\Math.h">
      <Filter>math</Filter>
    </ClInclude>
    <ClInclude Include="math\Matrix.h">
      <Filter>math</Filter>
    </ClInclude>
    <ClInclude Include="math\Vector.h">
      <Filter>math</Filter>
    </ClInclude>
    <ClInclude Include="tkFile\TkaFile.h">
      <Filter>tkFile</Filter>
    </ClInclude>
    <ClInclude Include="tkFile\TkmFile.h">
      <Filter>tkFile</Filter>
    </ClInclude>
    <ClInclude Include="tkFile\TksFile.h">
      <Filter>tkFile</Filter>
    </ClInclude>
    <ClInclude Include="camera\Camera.h">
      <Filter>camera</Filter>
    </ClInclude>
    <ClInclude Include="system\system.h">
      <Filter>system</Filter>
    </ClInclude>
    <ClInclude Include="graphics\GraphicsEngine.h">
      <Filter>graphics</Filter>
    </ClInclude>
    <ClInclude Include="system\debugLog.h">
      <Filter>system</Filter>
    </ClInclude>
    <ClInclude Include="MiniEngine.h">
      <Filter>ヘッダー ファイル</Filter>
    </ClInclude>
    <ClInclude Include="EngineStruct.h">
      <Filter>ヘッダー ファイル</Filter>
    </ClInclude>
    <ClInclude Include="util\CGameTime.h">
      <Filter>ヘッダー ファイル</Filter>
    </ClInclude>
    <ClInclude Include="util\NameKey.h">
      <Filter>ヘッダー ファイル</Filter>
    </ClInclude>
    <ClInclude Include="util\Stopwatch.h">
      <Filter>ヘッダー ファイル</Filter>
    </ClInclude>
    <ClInclude Include="util\Util.h">
      <Filter>ヘッダー ファイル</Filter>
    </ClInclude>
    <ClInclude Include="Sound\SoundEngine.h">
      <Filter>ヘッダー ファイル</Filter>
    </ClInclude>
    <ClInclude Include="Sound\SoundSource.h">
      <Filter>ヘッダー ファイル</Filter>
    </ClInclude>
    <ClInclude Include="Sound\WaveFile.h">
      <Filter>ヘッダー ファイル</Filter>
    </ClInclude>
    <ClInclude Include="Sound\WaveFileBank.h">
      <Filter>ヘッダー ファイル</Filter>
    </ClInclude>
    <ClInclude Include="prefab\light\DirectionLight.h">
      <Filter>ヘッダー ファイル</Filter>
    </ClInclude>
    <ClInclude Include="prefab\light\LightBase.h">
      <Filter>ヘッダー ファイル</Filter>
    </ClInclude>
    <ClInclude Include="prefab\light\PointLight.h">
      <Filter>ヘッダー ファイル</Filter>
    </ClInclude>
    <ClInclude Include="prefab\nature\Sky.h">
      <Filter>ヘッダー ファイル</Filter>
    </ClInclude>
    <ClInclude Include="prefab\ModelRender.h">
      <Filter>ヘッダー ファイル</Filter>
    </ClInclude>
    <ClInclude Include="prefab\SpriteRender.h">
      <Filter>ヘッダー ファイル</Filter>
    </ClInclude>
    <ClInclude Include="policy\Noncopyable.h">
      <Filter>ヘッダー ファイル</Filter>
    </ClInclude>
    <ClInclude Include="physics\BoxCollider.h">
      <Filter>ヘッダー ファイル</Filter>
    </ClInclude>
    <ClInclude Include="physics\CapsuleCollider.h">
      <Filter>ヘッダー ファイル</Filter>
    </ClInclude>
    <ClInclude Include="physics\CollisionAttr.h">
      <Filter>ヘッダー ファイル</Filter>
    </ClInclude>
    <ClInclude Include="physics\ICollider.h">
      <Filter>ヘッダー ファイル</Filter>
    </ClInclude>
    <ClInclude Include="physics\MeshCollider.h">
      <Filter>ヘッダー ファイル</Filter>
    </ClInclude>
    <ClInclude Include="physics\PhysicsDebugDraw.h">
      <Filter>ヘッダー ファイル</Filter>
    </ClInclude>
    <ClInclude Include="physics\PhysicsGhostobject.h">
      <Filter>ヘッダー ファイル</Filter>
    </ClInclude>
    <ClInclude Include="physics\PhysicsObjectBase.h">
      <Filter>ヘッダー ファイル</Filter>
    </ClInclude>
    <ClInclude Include="physics\PhysicsStaticObject.h">
      <Filter>ヘッダー ファイル</Filter>
    </ClInclude>
    <ClInclude Include="physics\PhysicsWorld.h">
      <Filter>ヘッダー ファイル</Filter>
    </ClInclude>
    <ClInclude Include="physics\RigidBody.h">
      <Filter>ヘッダー ファイル</Filter>
    </ClInclude>
    <ClInclude Include="physics\SphereCollider.h">
      <Filter>ヘッダー ファイル</Filter>
    </ClInclude>
    <ClInclude Include="level\Level.h">
      <Filter>ヘッダー ファイル</Filter>
    </ClInclude>
    <ClInclude Include="level\MapChip.h">
      <Filter>ヘッダー ファイル</Filter>
    </ClInclude>
    <ClInclude Include="level\MapChipRender.h">
      <Filter>ヘッダー ファイル</Filter>
    </ClInclude>
    <ClInclude Include="level\TklFile.h">
      <Filter>ヘッダー ファイル</Filter>
    </ClInclude>
    <ClInclude Include="graphics\animation\Animation.h">
      <Filter>ヘッダー ファイル</Filter>
    </ClInclude>
    <ClInclude Include="graphics\animation\AnimationClip.h">
      <Filter>ヘッダー ファイル</Filter>
    </ClInclude>
    <ClInclude Include="graphics\animation\AnimationPlayController.h">
      <Filter>ヘッダー ファイル</Filter>
    </ClInclude>
    <ClInclude Include="graphics\deferrd\DefferdShading.h">
      <Filter>ヘッダー ファイル</Filter>
    </ClInclude>
    <ClInclude Include="graphics\light\LightData.h">
      <Filter>ヘッダー ファイル</Filter>
    </ClInclude>
    <ClInclude Include="graphics\light\LightManager.h">
      <Filter>ヘッダー ファイル</Filter>
    </ClInclude>
    <ClInclude Include="graphics\PostEffect\Bloom.h">
      <Filter>ヘッダー ファイル</Filter>
    </ClInclude>
    <ClInclude Include="graphics\PostEffect\Fxaa.h">
      <Filter>ヘッダー ファイル</Filter>
    </ClInclude>
    <ClInclude Include="graphics\PostEffect\PostEffect.h">
      <Filter>ヘッダー ファイル</Filter>
    </ClInclude>
    <ClInclude Include="graphics\PostEffect\Tonemap.h">
      <Filter>ヘッダー ファイル</Filter>
    </ClInclude>
    <ClInclude Include="graphics\PreRender\GBufferRender.h">
      <Filter>ヘッダー ファイル</Filter>
    </ClInclude>
    <ClInclude Include="graphics\PreRender\ShadowMap.h">
      <Filter>ヘッダー ファイル</Filter>
    </ClInclude>
    <ClInclude Include="graphics\Fade.h">
      <Filter>ヘッダー ファイル</Filter>
    </ClInclude>
    <ClInclude Include="graphics\GraphicsConfig.h">
      <Filter>ヘッダー ファイル</Filter>
    </ClInclude>
    <ClInclude Include="graphics\PipelineStatesDefault.h">
      <Filter>ヘッダー ファイル</Filter>
    </ClInclude>
    <ClInclude Include="graphics\Primitive.h">
      <Filter>ヘッダー ファイル</Filter>
    </ClInclude>
    <ClInclude Include="graphics\UserMaterial.h">
      <Filter>ヘッダー ファイル</Filter>
    </ClInclude>
    <ClInclude Include="gameObject\GameObjectManager.h">
      <Filter>ヘッダー ファイル</Filter>
    </ClInclude>
    <ClInclude Include="gameObject\IGameObject.h">
      <Filter>ヘッダー ファイル</Filter>
    </ClInclude>
    <ClInclude Include="characterController\CharacterController.h">
      <Filter>ヘッダー ファイル</Filter>
    </ClInclude>
    <ClInclude Include="graphics\Font\Font.h">
      <Filter>ヘッダー ファイル</Filter>
    </ClInclude>
    <ClInclude Include="graphics\Font\FontEngine.h">
      <Filter>ヘッダー ファイル</Filter>
    </ClInclude>
    <ClInclude Include="graphics\Font\FontRender.h">
      <Filter>ヘッダー ファイル</Filter>
    </ClInclude>
    <ClInclude Include="NaviMesh\AStar.h">
      <Filter>ヘッダー ファイル</Filter>
    </ClInclude>
    <ClInclude Include="NaviMesh\NaviMesh.h">
      <Filter>ヘッダー ファイル</Filter>
    </ClInclude>
    <ClInclude Include="NaviMesh\NaviMeshAgent.h">
      <Filter>ヘッダー ファイル</Filter>
    </ClInclude>
  </ItemGroup>
</Project>