<?xml version="1.0" encoding="utf-8"?>
<Project ToolsVersion="4.0" xmlns="http://schemas.microsoft.com/developer/msbuild/2003">
  <ItemGroup>
    <ClCompile Include="stdafx.cpp" />
    <ClCompile Include="main.cpp" />
    <ClCompile Include="Stage.cpp" />
    <ClCompile Include="GameCamera.cpp" />
    <ClCompile Include="GameScene.cpp" />
    <ClCompile Include="Player\Player.cpp" />
    <ClCompile Include="Player\PlayerStatus\PlayerHp.cpp" />
    <ClCompile Include="Enemy\EnemyGenerator.cpp" />
    <ClCompile Include="Enemy\IEnemy.cpp" />
    <ClCompile Include="Player\PlayerStatus\PlayerStamina.cpp" />
    <ClCompile Include="Player\PlayerStatus\SpriteInitFunction.cpp" />
    <ClCompile Include="Player\PlayerStatus\PlayerHunger.cpp" />
    <ClCompile Include="Player\PlayerStatus\PlayerWater.cpp" />
    <ClCompile Include="DateTime.cpp" />
    <ClCompile Include="DestructibleObject\Terrain\Terrain.cpp" />
    <ClCompile Include="DestructibleObject\Block\Block.cpp" />
    <ClCompile Include="DestructibleObject\DestructibleObject.cpp" />
    <ClCompile Include="Stage\SuperFlat\SuperFlat.cpp" />
    <ClCompile Include="Stage\IStage.cpp" />
    <ClCompile Include="Scene\TerrainDebugScene.cpp" />
    <ClCompile Include="TerrainManager\TerrainManager.cpp" />
    <ClCompile Include="TerrainManager\TerrainRender\TerrainRender.cpp" />
    <ClCompile Include="TerrainManager\TerrainRender\TerrainMaterial.cpp" />
    <ClCompile Include="TerrainManager\TerrainWorld.cpp" />
    <ClCompile Include="Enemy\StandardZombie\StandardZombie.cpp" />
    <ClCompile Include="Enemy\IEnemyState.cpp" />
    <ClCompile Include="PlacementObject\PlacementObject.cpp" />
    <ClCompile Include="Stage\Hill\Hill.cpp" />
    <ClCompile Include="Enemy\StandardZombie\STDZombieAttack.cpp" />
    <ClCompile Include="Enemy\StandardZombie\STDZombieTracking.cpp" />
    <ClCompile Include="Enemy\StandardZombie\STDZombieWandering.cpp" />
    <ClCompile Include="Navigation\NVMDebugDraw.cpp" />
    <ClCompile Include="Navigation\NVMGenerator.cpp" />
    <ClCompile Include="Navigation\AStar.cpp" />
    <ClCompile Include="Navigation\NavigationAgent.cpp" />
    <ClCompile Include="DestroyObject\DestroyObject.cpp" />
    <ClCompile Include="Tool\Tool.cpp" />
  </ItemGroup>
  <ItemGroup>
    <ClInclude Include="Stage.h" />
    <ClInclude Include="GameCamera.h" />
    <ClInclude Include="Player\Player.h" />
    <ClInclude Include="Player\PlayerStatus\PlayerHp.h" />
    <ClInclude Include="Enemy\EnemyGenerator.h" />
    <ClInclude Include="Enemy\IEnemy.h" />
    <ClInclude Include="Player\PlayerStatus\PlayerStamina.h" />
    <ClInclude Include="Player\PlayerStatus\SpriteInitFunction.h" />
    <ClInclude Include="Player\PlayerStatus\PlayerHunger.h" />
    <ClInclude Include="Player\PlayerStatus\PlayerWater.h" />
    <ClInclude Include="DateTime.h" />
    <ClInclude Include="DestructibleObject\Terrain\Terrain.h" />
    <ClInclude Include="DestructibleObject\Block\Block.h" />
    <ClInclude Include="DestructibleObject\DestructibleObject.h" />
    <ClInclude Include="Stage\SuperFlat\SuperFlat.h" />
    <ClInclude Include="Stage\IStage.h" />
    <ClInclude Include="Scene\TerrainDebugScene.h" />
    <ClInclude Include="TerrainManager\TerrainManager.h" />
    <ClInclude Include="TerrainManager\TerrainRender\TerrainRender.h" />
    <ClInclude Include="TerrainManager\TerrainRender\TerrainMaterial.h" />
    <ClInclude Include="TerrainManager\TerrainWorld.h" />
    <ClInclude Include="TerrainManager\MarchingCubeTable.h" />
    <ClInclude Include="Enemy\StandardZombie\StandardZombie.h" />
    <ClInclude Include="GameScene.h" />
    <ClInclude Include="Enemy\IEnemyState.h" />
    <ClInclude Include="stdafx.h" />
    <ClInclude Include="PlacementObject\PlacementObject.h" />
    <ClInclude Include="Stage\Hill\Hill.h" />
    <ClInclude Include="Enemy\StandardZombie\STDZombieAttack.h" />
    <ClInclude Include="Enemy\StandardZombie\STDZombieTracking.h" />
    <ClInclude Include="Enemy\StandardZombie\STDZombieWandering.h" />
    <ClInclude Include="Navigation\NVMDebugDraw.h" />
    <ClInclude Include="Navigation\NVMGenerator.h" />
    <ClInclude Include="Navigation\AStar.h" />
    <ClInclude Include="Navigation\NavigationAgent.h" />
    <ClInclude Include="DestroyObject\DestroyObject.h" />
    <ClInclude Include="Tool\Tool.h" />
  </ItemGroup>
  <ItemGroup>
    <ImageContentTask Include="Assets\sprite\HPGauge.png" />
    <ImageContentTask Include="Assets\sprite\HPIcon.png" />
    <ImageContentTask Include="Assets\sprite\shoesIcon.png" />
    <ImageContentTask Include="Assets\sprite\staminaGauge.png" />
    <ImageContentTask Include="Assets\sprite\statusGauge.png" />
    <ImageContentTask Include="Assets\sprite\preset\fade.png" />
  </ItemGroup>
</Project>