<?xml version="1.0" encoding="utf-8"?>
<Project ToolsVersion="4.0" xmlns="http://schemas.microsoft.com/developer/msbuild/2003">
  <ItemGroup>
    <ImageContentTask Include="Assets\sprite\HPGauge.png" />
    <ImageContentTask Include="Assets\sprite\HPIcon.png" />
    <ImageContentTask Include="Assets\sprite\shoesIcon.png" />
    <ImageContentTask Include="Assets\sprite\staminaGauge.png" />
    <ImageContentTask Include="Assets\sprite\statusGauge.png" />
    <ImageContentTask Include="Assets\sprite\preset\fade.png" />
    <ImageContentTask Include="Assets\sprite\ItemIcon\PickaxeIcon.png" />
    <ImageContentTask Include="Assets\sprite\ItemUI\HotBar.png" />
    <ImageContentTask Include="Assets\sprite\ItemUI\inbentori.png" />
    <ImageContentTask Include="Assets\sprite\ItemUI\SelectBar.png" />
    <ImageContentTask Include="Assets\sprite\BackColor.png" />
    <ImageContentTask Include="Assets\sprite\respownBotton.png" />
    <ImageContentTask Include="Assets\sprite\SelectBotton.png" />
  </ItemGroup>
  <ItemGroup>
    <ClCompile Include="AccessObject\AccessObject.cpp" />
    <ClCompile Include="Item\GameItemMaterial.cpp" />
    <ClCompile Include="Item\GameItemFoods.cpp" />
    <ClCompile Include="IK\FootIK.cpp" />
    <ClCompile Include="MauseInfo.cpp" />
    <ClCompile Include="Player\state\IPlayerState.cpp" />
    <ClCompile Include="Item\BlockItem.cpp" />
    <ClCompile Include="ItemBar.cpp" />
    <ClCompile Include="Item\GameItemTool.cpp" />
    <ClCompile Include="Item\GameItemBase.cpp" />
    <ClCompile Include="Load\ChunkBlock\ChunkBlock.cpp" />
    <ClCompile Include="Load\ChunkCollision\ChunkCollision.cpp" />
    <ClCompile Include="DestroyObject\DestroyObject.cpp" />
    <ClCompile Include="Load\TerrainLoad\LoadingByChunk.cpp" />
    <ClCompile Include="Navigation\NavigationAgent.cpp" />
    <ClCompile Include="Navigation\AStar.cpp" />
    <ClCompile Include="DestructibleObject\DestructibleObject.cpp" />
    <ClCompile Include="DestructibleObject\Block\Block.cpp" />
    <ClCompile Include="DateTime.cpp" />
    <ClCompile Include="Enemy\EnemyGenerator.cpp" />
    <ClCompile Include="Enemy\IEnemy.cpp" />
    <ClCompile Include="Enemy\StandardZombie\StandardZombie.cpp" />
    <ClCompile Include="GameCamera.cpp" />
    <ClCompile Include="GameScene.cpp" />
    <ClCompile Include="Enemy\IEnemyState.cpp" />
    <ClCompile Include="Navigation\NVMDebugDraw.cpp" />
    <ClCompile Include="Player\Inventory.cpp" />
    <ClCompile Include="Player\state\PlayerDead.cpp" />
    <ClCompile Include="Stage\Hill\Hill.cpp" />
    <ClCompile Include="Navigation\NVMGenerator.cpp" />
    <ClCompile Include="PlacementObject\PlacementObject.cpp" />
    <ClCompile Include="Stage\IStage.cpp" />
    <ClCompile Include="main.cpp" />
    <ClCompile Include="Player\PlayerStatus\PlayerWater.cpp" />
    <ClCompile Include="Player\PlayerStatus\PlayerHunger.cpp" />
    <ClCompile Include="Player\PlayerStatus\PlayerStamina.cpp" />
    <ClCompile Include="Player\Player.cpp" />
    <ClCompile Include="Player\PlayerStatus\PlayerHp.cpp" />
    <ClCompile Include="Player\PlayerStatus\SpriteInitFunction.cpp" />
    <ClCompile Include="Stage.cpp" />
    <ClCompile Include="stdafx.cpp" />
    <ClCompile Include="DestructibleObject\Terrain\Terrain.cpp" />
    <ClCompile Include="Stage\SuperFlat\SuperFlat.cpp" />
    <ClCompile Include="Scene\TerrainDebugScene.cpp" />
    <ClCompile Include="Enemy\StandardZombie\STDZombieAttack.cpp" />
    <ClCompile Include="Enemy\StandardZombie\STDZombieTracking.cpp" />
    <ClCompile Include="Enemy\StandardZombie\STDZombieWandering.cpp" />
    <ClCompile Include="Save\TerrainSave\TerrainLoad.cpp" />
    <ClCompile Include="TerrainManager\TerrainChunkData.cpp" />
    <ClCompile Include="TerrainManager\TerrainManager.cpp" />
    <ClCompile Include="TerrainManager\TerrainRender\TerrainRender.cpp" />
    <ClCompile Include="TerrainManager\TerrainRender\TerrainMaterial.cpp" />
    <ClCompile Include="TerrainManager\TerrainWorld.cpp" />
    <ClCompile Include="Save\TerrainSave\TerrainSave.cpp" />
    <ClCompile Include="MultiThread\Thread.cpp" />
    <ClCompile Include="Title\TitleScene.cpp" />
    <ClCompile Include="Tool\Tool.cpp" />
    <ClCompile Include="Item\ItemDataFile.cpp" />
    <ClCompile Include="NaviMeshManager.cpp" />
    <ClCompile Include="MapLoad\MapLoad.cpp" />
    <ClCompile Include="Player\state\PlayerIdle.cpp" />
    <ClCompile Include="Player\state\PlayerWalk.cpp" />
    <ClCompile Include="Player\state\PlayerMenu.cpp" />
    <ClCompile Include="Inventory\RootBlock.cpp" />
    <ClCompile Include="Item\GameItemTerrain.cpp" />
  </ItemGroup>
  <ItemGroup>
    <ClInclude Include="AccessObject\AccessObject.h" />
    <ClInclude Include="Item\GameItemMaterial.h" />
    <ClInclude Include="Item\GameItemFoods.h" />
    <ClInclude Include="IK\FootIK.h" />
    <ClInclude Include="MauseInfo.h" />
    <ClInclude Include="Player\state\IPlayerState.h" />
    <ClInclude Include="Item\BlockItem.h" />
    <ClInclude Include="ItemBar.h" />
    <ClInclude Include="Item\GameItemTool.h" />
    <ClInclude Include="Item\GameItemBase.h" />
    <ClInclude Include="Load\ChunkBlock\ChunkBlock.h" />
    <ClInclude Include="Load\ChunkCollision\ChunkCollision.h" />
    <ClInclude Include="DestroyObject\DestroyObject.h" />
    <ClInclude Include="Load\TerrainLoad\LoadingByChunk.h" />
    <ClInclude Include="Navigation\NavigationAgent.h" />
    <ClInclude Include="Navigation\AStar.h" />
    <ClInclude Include="DestructibleObject\DestructibleObject.h" />
    <ClInclude Include="DestructibleObject\Block\Block.h" />
    <ClInclude Include="DateTime.h" />
    <ClInclude Include="Enemy\EnemyGenerator.h" />
    <ClInclude Include="Enemy\IEnemy.h" />
    <ClInclude Include="Enemy\StandardZombie\StandardZombie.h" />
    <ClInclude Include="GameCamera.h" />
    <ClInclude Include="GameScene.h" />
    <ClInclude Include="Enemy\IEnemyState.h" />
    <ClInclude Include="Navigation\NVMDebugDraw.h" />
    <ClInclude Include="nlohmann\adl_serializer.hpp" />
    <ClInclude Include="nlohmann\byte_container_with_subtype.hpp" />
    <ClInclude Include="nlohmann\detail\conversions\from_json.hpp" />
    <ClInclude Include="nlohmann\detail\conversions\to_chars.hpp" />
    <ClInclude Include="nlohmann\detail\conversions\to_json.hpp" />
    <ClInclude Include="nlohmann\detail\exceptions.hpp" />
    <ClInclude Include="nlohmann\detail\hash.hpp" />
    <ClInclude Include="nlohmann\detail\input\binary_reader.hpp" />
    <ClInclude Include="nlohmann\detail\input\input_adapters.hpp" />
    <ClInclude Include="nlohmann\detail\input\json_sax.hpp" />
    <ClInclude Include="nlohmann\detail\input\lexer.hpp" />
    <ClInclude Include="nlohmann\detail\input\parser.hpp" />
    <ClInclude Include="nlohmann\detail\input\position_t.hpp" />
    <ClInclude Include="nlohmann\detail\iterators\internal_iterator.hpp" />
    <ClInclude Include="nlohmann\detail\iterators\iteration_proxy.hpp" />
    <ClInclude Include="nlohmann\detail\iterators\iterator_traits.hpp" />
    <ClInclude Include="nlohmann\detail\iterators\iter_impl.hpp" />
    <ClInclude Include="nlohmann\detail\iterators\json_reverse_iterator.hpp" />
    <ClInclude Include="nlohmann\detail\iterators\primitive_iterator.hpp" />
    <ClInclude Include="nlohmann\detail\json_pointer.hpp" />
    <ClInclude Include="nlohmann\detail\json_ref.hpp" />
    <ClInclude Include="nlohmann\detail\macro_scope.hpp" />
    <ClInclude Include="nlohmann\detail\macro_unscope.hpp" />
    <ClInclude Include="nlohmann\detail\meta\call_std\begin.hpp" />
    <ClInclude Include="nlohmann\detail\meta\call_std\end.hpp" />
    <ClInclude Include="nlohmann\detail\meta\cpp_future.hpp" />
    <ClInclude Include="nlohmann\detail\meta\detected.hpp" />
    <ClInclude Include="nlohmann\detail\meta\identity_tag.hpp" />
    <ClInclude Include="nlohmann\detail\meta\is_sax.hpp" />
    <ClInclude Include="nlohmann\detail\meta\type_traits.hpp" />
    <ClInclude Include="nlohmann\detail\meta\void_t.hpp" />
    <ClInclude Include="nlohmann\detail\output\binary_writer.hpp" />
    <ClInclude Include="nlohmann\detail\output\output_adapters.hpp" />
    <ClInclude Include="nlohmann\detail\output\serializer.hpp" />
    <ClInclude Include="nlohmann\detail\string_escape.hpp" />
    <ClInclude Include="nlohmann\detail\value_t.hpp" />
    <ClInclude Include="nlohmann\json.hpp" />
    <ClInclude Include="nlohmann\json_fwd.hpp" />
    <ClInclude Include="nlohmann\ordered_map.hpp" />
    <ClInclude Include="nlohmann\thirdparty\hedley\hedley.hpp" />
    <ClInclude Include="nlohmann\thirdparty\hedley\hedley_undef.hpp" />
    <ClInclude Include="Player\Inventory.h" />
    <ClInclude Include="Player\state\PlayerDead.h" />
    <ClInclude Include="RayTest.h" />
    <ClInclude Include="resource.h" />
    <ClInclude Include="SaveDataFile.h" />
    <ClInclude Include="Stage\Hill\Hill.h" />
    <ClInclude Include="Navigation\NVMGenerator.h" />
    <ClInclude Include="PlacementObject\PlacementObject.h" />
    <ClInclude Include="Stage\IStage.h" />
    <ClInclude Include="Player\PlayerStatus\PlayerWater.h" />
    <ClInclude Include="Player\PlayerStatus\PlayerHunger.h" />
    <ClInclude Include="Player\PlayerStatus\PlayerStamina.h" />
    <ClInclude Include="Player\Player.h" />
    <ClInclude Include="Player\PlayerStatus\PlayerHp.h" />
    <ClInclude Include="Player\PlayerStatus\SpriteInitFunction.h" />
    <ClInclude Include="Stage.h" />
    <ClInclude Include="stdafx.h" />
    <ClInclude Include="DestructibleObject\Terrain\Terrain.h" />
    <ClInclude Include="Stage\SuperFlat\SuperFlat.h" />
    <ClInclude Include="Scene\TerrainDebugScene.h" />
    <ClInclude Include="Enemy\StandardZombie\STDZombieAttack.h" />
    <ClInclude Include="Enemy\StandardZombie\STDZombieTracking.h" />
    <ClInclude Include="Enemy\StandardZombie\STDZombieWandering.h" />
    <ClInclude Include="Save\TerrainSave\TerrainLoad.h" />
    <ClInclude Include="TerrainManager\TerrainChunkData.h" />
    <ClInclude Include="TerrainManager\MarchingCubeTable.h" />
    <ClInclude Include="TerrainManager\TerrainManager.h" />
    <ClInclude Include="TerrainManager\TerrainRender\TerrainRender.h" />
    <ClInclude Include="TerrainManager\TerrainRender\TerrainMaterial.h" />
    <ClInclude Include="TerrainManager\TerrainWorld.h" />
    <ClInclude Include="Save\TerrainSave\TerrainSave.h" />
    <ClInclude Include="MultiThread\Thread.h" />
    <ClInclude Include="Title\TitleScene.h" />
    <ClInclude Include="Tool\Tool.h" />
    <ClInclude Include="Item\ItemDataFile.h" />
    <ClInclude Include="NaviMeshManager.h" />
    <ClInclude Include="MapLoad\MapLoad.h" />
    <ClInclude Include="Player\state\PlayerIdle.h" />
    <ClInclude Include="Player\state\PlayerWalk.h" />
    <ClInclude Include="Player\state\PlayerMenu.h" />
    <ClInclude Include="Inventory\RootBlock.h" />
    <ClInclude Include="Item\GameItemTerrain.h" />
    <ClInclude Include="Item\CollectData.h" />
  </ItemGroup>
  <ItemGroup>
    <ResourceCompile Include="Game.rc" />
  </ItemGroup>
  <ItemGroup>
    <Image Include="3DaysIcon.ico" />
  </ItemGroup>
</Project>